
Microsoft Visual Studio Solution File, Format Version 12.00
# Visual Studio Version 17
VisualStudioVersion = 17.8.34511.84
MinimumVisualStudioVersion = 10.0.40219.1
Project("{FAE04EC0-301F-11D3-BF4B-00C04F79EFBC}") = "librarysystem", "librarysystem\librarysystem.csproj", "{E9453B31-CA2A-4F31-9A27-9A3C2C9485BD}"
EndProject
Global
	GlobalSection(SolutionConfigurationPlatforms) = preSolution
		Debug|Any CPU = Debug|Any CPU
		Release|Any CPU = Release|Any CPU
	EndGlobalSection
	GlobalSection(ProjectConfigurationPlatforms) = postSolution
		{E9453B31-CA2A-4F31-9A27-9A3C2C9485BD}.Debug|Any CPU.ActiveCfg = Debug|Any CPU
		{E9453B31-CA2A-4F31-9A27-9A3C2C9485BD}.Debug|Any CPU.Build.0 = Debug|Any CPU
		{E9453B31-CA2A-4F31-9A27-9A3C2C9485BD}.Release|Any CPU.ActiveCfg = Release|Any CPU
		{E9453B31-CA2A-4F31-9A27-9A3C2C9485BD}.Release|Any CPU.Build.0 = Release|Any CPU
	EndGlobalSection
	GlobalSection(SolutionProperties) = preSolution
		HideSolutionNode = FALSE
	EndGlobalSection
	GlobalSection(ExtensibilityGlobals) = postSolution
		SolutionGuid = {AD77F87C-C18B-4F9B-BD40-AEFB26682B9E}
	EndGlobalSection
EndGlobal
